// !$*UTF8*$!
{
	archiveVersion = 1;
	classes = {
	};
	objectVersion = 50;
	objects = {

/* Begin PBXBuildFile section */
		1CF4857D26CA19D000300C22 /* AppDelegate.swift in Sources */ = {isa = PBXBuildFile; fileRef = 1CF4857C26CA19D000300C22 /* AppDelegate.swift */; };
		1CF4857F26CA19D000300C22 /* GameView.swift in Sources */ = {isa = PBXBuildFile; fileRef = 1CF4857E26CA19D000300C22 /* GameView.swift */; };
		1CF4858126CA19D000300C22 /* Assets.xcassets in Resources */ = {isa = PBXBuildFile; fileRef = 1CF4858026CA19D000300C22 /* Assets.xcassets */; };
		1CF4858426CA19D000300C22 /* Preview Assets.xcassets in Resources */ = {isa = PBXBuildFile; fileRef = 1CF4858326CA19D000300C22 /* Preview Assets.xcassets */; };
		1CF4858726CA19D000300C22 /* Main.storyboard in Resources */ = {isa = PBXBuildFile; fileRef = 1CF4858526CA19D000300C22 /* Main.storyboard */; };
		1CF4859126CA46FF00300C22 /* Mine.swift in Sources */ = {isa = PBXBuildFile; fileRef = 1CF4859026CA46FF00300C22 /* Mine.swift */; };
		1CF4859326CA471800300C22 /* Cell.swift in Sources */ = {isa = PBXBuildFile; fileRef = 1CF4859226CA471800300C22 /* Cell.swift */; };
		1CF4859526CA48A600300C22 /* GameManager.swift in Sources */ = {isa = PBXBuildFile; fileRef = 1CF4859426CA48A600300C22 /* GameManager.swift */; };
/* End PBXBuildFile section */

/* Begin PBXFileReference section */
		1CF4857926CA19D000300C22 /* Minisweeper.app */ = {isa = PBXFileReference; explicitFileType = wrapper.application; includeInIndex = 0; path = Minisweeper.app; sourceTree = BUILT_PRODUCTS_DIR; };
		1CF4857C26CA19D000300C22 /* AppDelegate.swift */ = {isa = PBXFileReference; lastKnownFileType = sourcecode.swift; path = AppDelegate.swift; sourceTree = "<group>"; };
		1CF4857E26CA19D000300C22 /* GameView.swift */ = {isa = PBXFileReference; lastKnownFileType = sourcecode.swift; path = GameView.swift; sourceTree = "<group>"; };
		1CF4858026CA19D000300C22 /* Assets.xcassets */ = {isa = PBXFileReference; lastKnownFileType = folder.assetcatalog; path = Assets.xcassets; sourceTree = "<group>"; };
		1CF4858326CA19D000300C22 /* Preview Assets.xcassets */ = {isa = PBXFileReference; lastKnownFileType = folder.assetcatalog; path = "Preview Assets.xcassets"; sourceTree = "<group>"; };
		1CF4858626CA19D000300C22 /* Base */ = {isa = PBXFileReference; lastKnownFileType = file.storyboard; name = Base; path = Base.lproj/Main.storyboard; sourceTree = "<group>"; };
		1CF4858826CA19D000300C22 /* Info.plist */ = {isa = PBXFileReference; lastKnownFileType = text.plist.xml; path = Info.plist; sourceTree = "<group>"; };
		1CF4858926CA19D000300C22 /* Minisweeper.entitlements */ = {isa = PBXFileReference; lastKnownFileType = text.plist.entitlements; path = Minisweeper.entitlements; sourceTree = "<group>"; };
		1CF4859026CA46FF00300C22 /* Mine.swift */ = {isa = PBXFileReference; lastKnownFileType = sourcecode.swift; path = Mine.swift; sourceTree = "<group>"; };
		1CF4859226CA471800300C22 /* Cell.swift */ = {isa = PBXFileReference; lastKnownFileType = sourcecode.swift; path = Cell.swift; sourceTree = "<group>"; };
		1CF4859426CA48A600300C22 /* GameManager.swift */ = {isa = PBXFileReference; lastKnownFileType = sourcecode.swift; path = GameManager.swift; sourceTree = "<group>"; };
/* End PBXFileReference section */

/* Begin PBXFrameworksBuildPhase section */
		1CF4857626CA19D000300C22 /* Frameworks */ = {
			isa = PBXFrameworksBuildPhase;
			buildActionMask = 2147483647;
			files = (
			);
			runOnlyForDeploymentPostprocessing = 0;
		};
/* End PBXFrameworksBuildPhase section */

/* Begin PBXGroup section */
		1CF4857026CA19D000300C22 = {
			isa = PBXGroup;
			children = (
				1CF4857B26CA19D000300C22 /* Minisweeper */,
				1CF4857A26CA19D000300C22 /* Products */,
			);
			sourceTree = "<group>";
		};
		1CF4857A26CA19D000300C22 /* Products */ = {
			isa = PBXGroup;
			children = (
				1CF4857926CA19D000300C22 /* Minisweeper.app */,
			);
			name = Products;
			sourceTree = "<group>";
		};
		1CF4857B26CA19D000300C22 /* Minisweeper */ = {
			isa = PBXGroup;
			children = (
				1CF4858F26CA46F400300C22 /* Game */,
				1CF4857C26CA19D000300C22 /* AppDelegate.swift */,
				1CF4857E26CA19D000300C22 /* GameView.swift */,
				1CF4858026CA19D000300C22 /* Assets.xcassets */,
				1CF4858526CA19D000300C22 /* Main.storyboard */,
				1CF4858826CA19D000300C22 /* Info.plist */,
				1CF4858926CA19D000300C22 /* Minisweeper.entitlements */,
				1CF4858226CA19D000300C22 /* Preview Content */,
			);
			path = Minisweeper;
			sourceTree = "<group>";
		};
		1CF4858226CA19D000300C22 /* Preview Content */ = {
			isa = PBXGroup;
			children = (
				1CF4858326CA19D000300C22 /* Preview Assets.xcassets */,
			);
			path = "Preview Content";
			sourceTree = "<group>";
		};
		1CF4858F26CA46F400300C22 /* Game */ = {
			isa = PBXGroup;
			children = (
				1CF4859026CA46FF00300C22 /* Mine.swift */,
				1CF4859226CA471800300C22 /* Cell.swift */,
				1CF4859426CA48A600300C22 /* GameManager.swift */,
			);
			path = Game;
			sourceTree = "<group>";
		};
/* End PBXGroup section */

/* Begin PBXNativeTarget section */
		1CF4857826CA19D000300C22 /* Minisweeper */ = {
			isa = PBXNativeTarget;
			buildConfigurationList = 1CF4858C26CA19D000300C22 /* Build configuration list for PBXNativeTarget "Minisweeper" */;
			buildPhases = (
				1CF4857526CA19D000300C22 /* Sources */,
				1CF4857626CA19D000300C22 /* Frameworks */,
				1CF4857726CA19D000300C22 /* Resources */,
			);
			buildRules = (
			);
			dependencies = (
			);
			name = Minisweeper;
			productName = Minisweeper;
			productReference = 1CF4857926CA19D000300C22 /* Minisweeper.app */;
			productType = "com.apple.product-type.application";
		};
/* End PBXNativeTarget section */

/* Begin PBXProject section */
		1CF4857126CA19D000300C22 /* Project object */ = {
			isa = PBXProject;
			attributes = {
				LastSwiftUpdateCheck = 1250;
				LastUpgradeCheck = 1250;
				TargetAttributes = {
					1CF4857826CA19D000300C22 = {
						CreatedOnToolsVersion = 12.5;
					};
				};
			};
			buildConfigurationList = 1CF4857426CA19D000300C22 /* Build configuration list for PBXProject "Minisweeper" */;
			compatibilityVersion = "Xcode 9.3";
			developmentRegion = en;
			hasScannedForEncodings = 0;
			knownRegions = (
				en,
				Base,
			);
			mainGroup = 1CF4857026CA19D000300C22;
			productRefGroup = 1CF4857A26CA19D000300C22 /* Products */;
			projectDirPath = "";
			projectRoot = "";
			targets = (
				1CF4857826CA19D000300C22 /* Minisweeper */,
			);
		};
/* End PBXProject section */

/* Begin PBXResourcesBuildPhase section */
		1CF4857726CA19D000300C22 /* Resources */ = {
			isa = PBXResourcesBuildPhase;
			buildActionMask = 2147483647;
			files = (
				1CF4858726CA19D000300C22 /* Main.storyboard in Resources */,
				1CF4858426CA19D000300C22 /* Preview Assets.xcassets in Resources */,
				1CF4858126CA19D000300C22 /* Assets.xcassets in Resources */,
			);
			runOnlyForDeploymentPostprocessing = 0;
		};
/* End PBXResourcesBuildPhase section */

/* Begin PBXSourcesBuildPhase section */
		1CF4857526CA19D000300C22 /* Sources */ = {
			isa = PBXSourcesBuildPhase;
			buildActionMask = 2147483647;
			files = (
				1CF4859126CA46FF00300C22 /* Mine.swift in Sources */,
				1CF4859326CA471800300C22 /* Cell.swift in Sources */,
				1CF4857F26CA19D000300C22 /* GameView.swift in Sources */,
				1CF4857D26CA19D000300C22 /* AppDelegate.swift in Sources */,
				1CF4859526CA48A600300C22 /* GameManager.swift in Sources */,
			);
			runOnlyForDeploymentPostprocessing = 0;
		};
/* End PBXSourcesBuildPhase section */

/* Begin PBXVariantGroup section */
		1CF4858526CA19D000300C22 /* Main.storyboard */ = {
			isa = PBXVariantGroup;
			children = (
				1CF4858626CA19D000300C22 /* Base */,
			);
			name = Main.storyboard;
			sourceTree = "<group>";
		};
/* End PBXVariantGroup section */

/* Begin XCBuildConfiguration section */
		1CF4858A26CA19D000300C22 /* Debug */ = {
			isa = XCBuildConfiguration;
			buildSettings = {
				ALWAYS_SEARCH_USER_PATHS = NO;
				CLANG_ANALYZER_NONNULL = YES;
				CLANG_ANALYZER_NUMBER_OBJECT_CONVERSION = YES_AGGRESSIVE;
				CLANG_CXX_LANGUAGE_STANDARD = "gnu++14";
				CLANG_CXX_LIBRARY = "libc++";
				CLANG_ENABLE_MODULES = YES;
				CLANG_ENABLE_OBJC_ARC = YES;
				CLANG_ENABLE_OBJC_WEAK = YES;
				CLANG_WARN_BLOCK_CAPTURE_AUTORELEASING = YES;
				CLANG_WARN_BOOL_CONVERSION = YES;
				CLANG_WARN_COMMA = YES;
				CLANG_WARN_CONSTANT_CONVERSION = YES;
				CLANG_WARN_DEPRECATED_OBJC_IMPLEMENTATIONS = YES;
				CLANG_WARN_DIRECT_OBJC_ISA_USAGE = YES_ERROR;
				CLANG_WARN_DOCUMENTATION_COMMENTS = YES;
				CLANG_WARN_EMPTY_BODY = YES;
				CLANG_WARN_ENUM_CONVERSION = YES;
				CLANG_WARN_INFINITE_RECURSION = YES;
				CLANG_WARN_INT_CONVERSION = YES;
				CLANG_WARN_NON_LITERAL_NULL_CONVERSION = YES;
				CLANG_WARN_OBJC_IMPLICIT_RETAIN_SELF = YES;
				CLANG_WARN_OBJC_LITERAL_CONVERSION = YES;
				CLANG_WARN_OBJC_ROOT_CLASS = YES_ERROR;
				CLANG_WARN_QUOTED_INCLUDE_IN_FRAMEWORK_HEADER = YES;
				CLANG_WARN_RANGE_LOOP_ANALYSIS = YES;
				CLANG_WARN_STRICT_PROTOTYPES = YES;
				CLANG_WARN_SUSPICIOUS_MOVE = YES;
				CLANG_WARN_UNGUARDED_AVAILABILITY = YES_AGGRESSIVE;
				CLANG_WARN_UNREACHABLE_CODE = YES;
				CLANG_WARN__DUPLICATE_METHOD_MATCH = YES;
				COPY_PHASE_STRIP = NO;
				DEBUG_INFORMATION_FORMAT = dwarf;
				ENABLE_STRICT_OBJC_MSGSEND = YES;
				ENABLE_TESTABILITY = YES;
				GCC_C_LANGUAGE_STANDARD = gnu11;
				GCC_DYNAMIC_NO_PIC = NO;
				GCC_NO_COMMON_BLOCKS = YES;
				GCC_OPTIMIZATION_LEVEL = 0;
				GCC_PREPROCESSOR_DEFINITIONS = (
					"DEBUG=1",
					"$(inherited)",
				);
				GCC_WARN_64_TO_32_BIT_CONVERSION = YES;
				GCC_WARN_ABOUT_RETURN_TYPE = YES_ERROR;
				GCC_WARN_UNDECLARED_SELECTOR = YES;
				GCC_WARN_UNINITIALIZED_AUTOS = YES_AGGRESSIVE;
				GCC_WARN_UNUSED_FUNCTION = YES;
				GCC_WARN_UNUSED_VARIABLE = YES;
				MACOSX_DEPLOYMENT_TARGET = 11.3;
				MTL_ENABLE_DEBUG_INFO = INCLUDE_SOURCE;
				MTL_FAST_MATH = YES;
				ONLY_ACTIVE_ARCH = YES;
				SDKROOT = macosx;
				SWIFT_ACTIVE_COMPILATION_CONDITIONS = DEBUG;
				SWIFT_OPTIMIZATION_LEVEL = "-Onone";
			};
			name = Debug;
		};
		1CF4858B26CA19D000300C22 /* Release */ = {
			isa = XCBuildConfiguration;
			buildSettings = {
				ALWAYS_SEARCH_USER_PATHS = NO;
				CLANG_ANALYZER_NONNULL = YES;
				CLANG_ANALYZER_NUMBER_OBJECT_CONVERSION = YES_AGGRESSIVE;
				CLANG_CXX_LANGUAGE_STANDARD = "gnu++14";
				CLANG_CXX_LIBRARY = "libc++";
				CLANG_ENABLE_MODULES = YES;
				CLANG_ENABLE_OBJC_ARC = YES;
				CLANG_ENABLE_OBJC_WEAK = YES;
				CLANG_WARN_BLOCK_CAPTURE_AUTORELEASING = YES;
				CLANG_WARN_BOOL_CONVERSION = YES;
				CLANG_WARN_COMMA = YES;
				CLANG_WARN_CONSTANT_CONVERSION = YES;
				CLANG_WARN_DEPRECATED_OBJC_IMPLEMENTATIONS = YES;
				CLANG_WARN_DIRECT_OBJC_ISA_USAGE = YES_ERROR;
				CLANG_WARN_DOCUMENTATION_COMMENTS = YES;
				CLANG_WARN_EMPTY_BODY = YES;
				CLANG_WARN_ENUM_CONVERSION = YES;
				CLANG_WARN_INFINITE_RECURSION = YES;
				CLANG_WARN_INT_CONVERSION = YES;
				CLANG_WARN_NON_LITERAL_NULL_CONVERSION = YES;
				CLANG_WARN_OBJC_IMPLICIT_RETAIN_SELF = YES;
				CLANG_WARN_OBJC_LITERAL_CONVERSION = YES;
				CLANG_WARN_OBJC_ROOT_CLASS = YES_ERROR;
				CLANG_WARN_QUOTED_INCLUDE_IN_FRAMEWORK_HEADER = YES;
				CLANG_WARN_RANGE_LOOP_ANALYSIS = YES;
				CLANG_WARN_STRICT_PROTOTYPES = YES;
				CLANG_WARN_SUSPICIOUS_MOVE = YES;
				CLANG_WARN_UNGUARDED_AVAILABILITY = YES_AGGRESSIVE;
				CLANG_WARN_UNREACHABLE_CODE = YES;
				CLANG_WARN__DUPLICATE_METHOD_MATCH = YES;
				COPY_PHASE_STRIP = NO;
				DEBUG_INFORMATION_FORMAT = "dwarf-with-dsym";
				ENABLE_NS_ASSERTIONS = NO;
				ENABLE_STRICT_OBJC_MSGSEND = YES;
				GCC_C_LANGUAGE_STANDARD = gnu11;
				GCC_NO_COMMON_BLOCKS = YES;
				GCC_WARN_64_TO_32_BIT_CONVERSION = YES;
				GCC_WARN_ABOUT_RETURN_TYPE = YES_ERROR;
				GCC_WARN_UNDECLARED_SELECTOR = YES;
				GCC_WARN_UNINITIALIZED_AUTOS = YES_AGGRESSIVE;
				GCC_WARN_UNUSED_FUNCTION = YES;
				GCC_WARN_UNUSED_VARIABLE = YES;
				MACOSX_DEPLOYMENT_TARGET = 11.3;
				MTL_ENABLE_DEBUG_INFO = NO;
				MTL_FAST_MATH = YES;
				SDKROOT = macosx;
				SWIFT_COMPILATION_MODE = wholemodule;
				SWIFT_OPTIMIZATION_LEVEL = "-O";
			};
			name = Release;
		};
		1CF4858D26CA19D000300C22 /* Debug */ = {
			isa = XCBuildConfiguration;
			buildSettings = {
				ASSETCATALOG_COMPILER_APPICON_NAME = AppIcon;
				ASSETCATALOG_COMPILER_GLOBAL_ACCENT_COLOR_NAME = AccentColor;
				CODE_SIGN_ENTITLEMENTS = Minisweeper/Minisweeper.entitlements;
				CODE_SIGN_STYLE = Automatic;
				COMBINE_HIDPI_IMAGES = YES;
				DEVELOPMENT_ASSET_PATHS = "\"Minisweeper/Preview Content\"";
				DEVELOPMENT_TEAM = 5US2W9UQ66;
				ENABLE_HARDENED_RUNTIME = YES;
				ENABLE_PREVIEWS = YES;
				INFOPLIST_FILE = Minisweeper/Info.plist;
				LD_RUNPATH_SEARCH_PATHS = (
					"$(inherited)",
					"@executable_path/../Frameworks",
				);
				MACOSX_DEPLOYMENT_TARGET = 11.0;
				PRODUCT_BUNDLE_IDENTIFIER = com.archergs.Minisweeper;
				PRODUCT_NAME = "$(TARGET_NAME)";
				SWIFT_VERSION = 5.0;
			};
			name = Debug;
		};
		1CF4858E26CA19D000300C22 /* Release */ = {
			isa = XCBuildConfiguration;
			buildSettings = {
				ASSETCATALOG_COMPILER_APPICON_NAME = AppIcon;
				ASSETCATALOG_COMPILER_GLOBAL_ACCENT_COLOR_NAME = AccentColor;
				CODE_SIGN_ENTITLEMENTS = Minisweeper/Minisweeper.entitlements;
				CODE_SIGN_STYLE = Automatic;
				COMBINE_HIDPI_IMAGES = YES;
				DEVELOPMENT_ASSET_PATHS = "\"Minisweeper/Preview Content\"";
				DEVELOPMENT_TEAM = 5US2W9UQ66;
				ENABLE_HARDENED_RUNTIME = YES;
				ENABLE_PREVIEWS = YES;
				INFOPLIST_FILE = Minisweeper/Info.plist;
				LD_RUNPATH_SEARCH_PATHS = (
					"$(inherited)",
					"@executable_path/../Frameworks",
				);
				MACOSX_DEPLOYMENT_TARGET = 11.0;
				PRODUCT_BUNDLE_IDENTIFIER = com.archergs.Minisweeper;
				PRODUCT_NAME = "$(TARGET_NAME)";
				SWIFT_VERSION = 5.0;
			};
			name = Release;
		};
/* End XCBuildConfiguration section */

/* Begin XCConfigurationList section */
		1CF4857426CA19D000300C22 /* Build configuration list for PBXProject "Minisweeper" */ = {
			isa = XCConfigurationList;
			buildConfigurations = (
				1CF4858A26CA19D000300C22 /* Debug */,
				1CF4858B26CA19D000300C22 /* Release */,
			);
			defaultConfigurationIsVisible = 0;
			defaultConfigurationName = Release;
		};
		1CF4858C26CA19D000300C22 /* Build configuration list for PBXNativeTarget "Minisweeper" */ = {
			isa = XCConfigurationList;
			buildConfigurations = (
				1CF4858D26CA19D000300C22 /* Debug */,
				1CF4858E26CA19D000300C22 /* Release */,
			);
			defaultConfigurationIsVisible = 0;
			defaultConfigurationName = Release;
		};
/* End XCConfigurationList section */
	};
	rootObject = 1CF4857126CA19D000300C22 /* Project object */;
}
